
Microsoft Visual Studio Solution File, Format Version 12.00
# Visual Studio Version 17
VisualStudioVersion = 17.7.34024.191
MinimumVisualStudioVersion = 10.0.40219.1
Project("{FAE04EC0-301F-11D3-BF4B-00C04F79EFBC}") = "Uppgift 1.2 Metoder inl", "Uppgift 1.2 Metoder inl\Uppgift 1.2 Metoder inl.csproj", "{EB33FFBA-A4A7-407E-848D-7E6D9DB2EBB0}"
EndProject
Global
	GlobalSection(SolutionConfigurationPlatforms) = preSolution
		Debug|Any CPU = Debug|Any CPU
		Release|Any CPU = Release|Any CPU
	EndGlobalSection
	GlobalSection(ProjectConfigurationPlatforms) = postSolution
		{EB33FFBA-A4A7-407E-848D-7E6D9DB2EBB0}.Debug|Any CPU.ActiveCfg = Debug|Any CPU
		{EB33FFBA-A4A7-407E-848D-7E6D9DB2EBB0}.Debug|Any CPU.Build.0 = Debug|Any CPU
		{EB33FFBA-A4A7-407E-848D-7E6D9DB2EBB0}.Release|Any CPU.ActiveCfg = Release|Any CPU
		{EB33FFBA-A4A7-407E-848D-7E6D9DB2EBB0}.Release|Any CPU.Build.0 = Release|Any CPU
	EndGlobalSection
	GlobalSection(SolutionProperties) = preSolution
		HideSolutionNode = FALSE
	EndGlobalSection
	GlobalSection(ExtensibilityGlobals) = postSolution
		SolutionGuid = {D53BC69C-7195-42A0-9E2A-366F179D9625}
	EndGlobalSection
EndGlobal
